PODS:
  - Alamofire (4.6.0)
  - Bolts (1.9.0):
    - Bolts/AppLinks (= 1.9.0)
    - Bolts/Tasks (= 1.9.0)
  - Bolts/AppLinks (1.9.0):
    - Bolts/Tasks
  - Bolts/Tasks (1.9.0)
  - BSGridCollectionViewLayout (1.2.0)
  - BSImagePicker (2.7.1):
    - BSGridCollectionViewLayout (~> 1.2.0)
    - UIImageViewModeScaleAspect (= 1.5)
  - FacebookCore (0.3.0):
    - Bolts (~> 1.8)
    - FBSDKCoreKit (~> 4.27)
  - FacebookLogin (0.3.0):
    - Bolts (~> 1.8)
    - FacebookCore (~> 0.3)
    - FBSDKCoreKit (~> 4.27)
    - FBSDKLoginKit (~> 4.27)
  - FacebookShare (0.3.0):
    - Bolts (~> 1.8)
    - FacebookCore (~> 0.3)
    - FBSDKCoreKit (~> 4.27)
    - FBSDKShareKit (~> 4.27)
  - FBSDKCoreKit (4.31.1):
    - Bolts (~> 1.7)
  - FBSDKLoginKit (4.31.1):
    - FBSDKCoreKit
  - FBSDKShareKit (4.31.1):
    - FBSDKCoreKit (~> 4.31.1)
  - RKPieChart (0.0.1)
  - UIImageViewModeScaleAspect (1.5)

DEPENDENCIES:
  - Alamofire
  - BSImagePicker
  - FacebookCore
  - FacebookLogin
  - FacebookShare
  - RKPieChart

SPEC CHECKSUMS:
  Alamofire: f41a599bd63041760b26d393ec1069d9d7b917f4
  Bolts: ac6567323eac61e203f6a9763667d0f711be34c8
  BSGridCollectionViewLayout: 8f12c8e1e08c47057f5a39a6828f4395f043d78f
  BSImagePicker: eb12948a6e71b9855c2c37723dfd989b9b4288bd
  FacebookCore: 3ffa190a3f1f96cec0e44d3fc221bc322c595ffa
  FacebookLogin: 0af839ea858faef99550d16596b87b4a8e8906e6
  FacebookShare: 0469964297ebd75f052be2c5083389a4208e82b7
  FBSDKCoreKit: e08ccfcefa7bc1347a07c276dac9bf6c7fe57024
  FBSDKLoginKit: 99797ac39252fef6f72600b886f6ee60b4b29cab
  FBSDKShareKit: e640c41c9fcd61929eeb3d0c21ad335103e7cb62
  RKPieChart: 8e643c505d24e61574f3a2fd6bd807403840b24b
  UIImageViewModeScaleAspect: 11a790a0b9d248a13dc63e3a78991f1463b6d84e

PODFILE CHECKSUM: f488c09313d534740f03f64b749869fbd54df168

COCOAPODS: 1.4.0
